{
  "name": "backend-arch-pro-max-cli",
  "version": "0.3.0",
  "lockfileVersion": 3,
  "requires": true,
  "packages": {
    "": {
      "name": "backend-arch-pro-max-cli",
      "version": "0.3.0",
      "license": "MIT",
      "bin": {
        "backend-arch-pro-max": "bin/backend-arch-pro-max.js",
        "backend-arch-pro-max-cli": "bin/backend-arch-pro-max.js"
      },
      "engines": {
        "node": ">=18"
      }
    }
  }
}
